
Microsoft Visual Studio Solution File, Format Version 12.00
# Visual Studio 15
VisualStudioVersion = 15.0.28010.2016
MinimumVisualStudioVersion = 10.0.40219.1
Project("{8BC9CEB8-8B4A-11D0-8D11-00A0C91BC942}") = "Dota2_autocrit_dll_injector_console", "Dota2_autocrit_dll_injector_console\Dota2_autocrit_dll_injector_console.vcxproj", "{3230E686-57C1-4C3A-8197-1368D7DB375C}"
EndProject
Global
	GlobalSection(SolutionConfigurationPlatforms) = preSolution
		Debug|x64 = Debug|x64
		Debug|x86 = Debug|x86
		Release|x64 = Release|x64
		Release|x86 = Release|x86
	EndGlobalSection
	GlobalSection(ProjectConfigurationPlatforms) = postSolution
		{3230E686-57C1-4C3A-8197-1368D7DB375C}.Debug|x64.ActiveCfg = Debug|x64
		{3230E686-57C1-4C3A-8197-1368D7DB375C}.Debug|x64.Build.0 = Debug|x64
		{3230E686-57C1-4C3A-8197-1368D7DB375C}.Debug|x86.ActiveCfg = Debug|Win32
		{3230E686-57C1-4C3A-8197-1368D7DB375C}.Debug|x86.Build.0 = Debug|Win32
		{3230E686-57C1-4C3A-8197-1368D7DB375C}.Release|x64.ActiveCfg = Release|x64
		{3230E686-57C1-4C3A-8197-1368D7DB375C}.Release|x64.Build.0 = Release|x64
		{3230E686-57C1-4C3A-8197-1368D7DB375C}.Release|x86.ActiveCfg = Release|Win32
		{3230E686-57C1-4C3A-8197-1368D7DB375C}.Release|x86.Build.0 = Release|Win32
	EndGlobalSection
	GlobalSection(SolutionProperties) = preSolution
		HideSolutionNode = FALSE
	EndGlobalSection
	GlobalSection(ExtensibilityGlobals) = postSolution
		SolutionGuid = {68120043-2FEB-4A19-9BCE-4E82A173C942}
	EndGlobalSection
EndGlobal
